
Microsoft Visual Studio Solution File, Format Version 12.00
# Visual Studio 2013
VisualStudioVersion = 12.0.31101.0
MinimumVisualStudioVersion = 10.0.40219.1
Project("{FAE04EC0-301F-11D3-BF4B-00C04F79EFBC}") = "LoLapp", "LoLapp\LoLapp.csproj", "{AF04E539-0E6F-4FD4-89A7-A39617B8265F}"
EndProject
Project("{54435603-DBB4-11D2-8724-00A0C9A8B90C}") = "LoLapp_setup", "LoLapp_setup\LoLapp_setup.vdproj", "{7BEA3034-1AAB-4AC4-986D-2C24DE00F41D}"
EndProject
Global
	GlobalSection(SolutionConfigurationPlatforms) = preSolution
		Debug|Any CPU = Debug|Any CPU
		Release|Any CPU = Release|Any CPU
	EndGlobalSection
	GlobalSection(ProjectConfigurationPlatforms) = postSolution
		{AF04E539-0E6F-4FD4-89A7-A39617B8265F}.Debug|Any CPU.ActiveCfg = Debug|Any CPU
		{AF04E539-0E6F-4FD4-89A7-A39617B8265F}.Debug|Any CPU.Build.0 = Debug|Any CPU
		{AF04E539-0E6F-4FD4-89A7-A39617B8265F}.Release|Any CPU.ActiveCfg = Release|Any CPU
		{AF04E539-0E6F-4FD4-89A7-A39617B8265F}.Release|Any CPU.Build.0 = Release|Any CPU
		{7BEA3034-1AAB-4AC4-986D-2C24DE00F41D}.Debug|Any CPU.ActiveCfg = Debug
		{7BEA3034-1AAB-4AC4-986D-2C24DE00F41D}.Release|Any CPU.ActiveCfg = Release
	EndGlobalSection
	GlobalSection(SolutionProperties) = preSolution
		HideSolutionNode = FALSE
	EndGlobalSection
EndGlobal
